
Microsoft Visual Studio Solution File, Format Version 12.00
# Visual Studio 2013
VisualStudioVersion = 12.0.31101.0
MinimumVisualStudioVersion = 10.0.40219.1
Project("{FAE04EC0-301F-11D3-BF4B-00C04F79EFBC}") = "RampantSlug.Contracts", "RampantSlug.Contracts\RampantSlug.Contracts.csproj", "{62013772-DB89-4DA9-91AE-EEB6D9780761}"
EndProject
Project("{FAE04EC0-301F-11D3-BF4B-00C04F79EFBC}") = "RampantSlug.PinballClient", "RampantSlug.PinballClient\RampantSlug.PinballClient.csproj", "{C37B7D3B-5C6C-40BA-BFEA-EEF6E0EAF872}"
EndProject
Project("{FAE04EC0-301F-11D3-BF4B-00C04F79EFBC}") = "RampantSlug.PinballServerDemo", "RampantSlug.PinballServerDemo\RampantSlug.PinballServerDemo.csproj", "{1C7BF692-4469-4264-92BB-41F6B97DDA16}"
EndProject
Project("{FAE04EC0-301F-11D3-BF4B-00C04F79EFBC}") = "RampantSlug.Common", "RampantSlug.Common\RampantSlug.Common.csproj", "{3975042E-176B-4DA1-938D-46866EAC82E7}"
EndProject
Project("{FAE04EC0-301F-11D3-BF4B-00C04F79EFBC}") = "RampantSlug.ServerLibrary", "RampantSlug.ServerLibrary\RampantSlug.ServerLibrary.csproj", "{60647C7D-2DE4-41C9-832D-4C89754AA29C}"
EndProject
Global
	GlobalSection(SolutionConfigurationPlatforms) = preSolution
		Debug|Any CPU = Debug|Any CPU
		Release|Any CPU = Release|Any CPU
	EndGlobalSection
	GlobalSection(ProjectConfigurationPlatforms) = postSolution
		{62013772-DB89-4DA9-91AE-EEB6D9780761}.Debug|Any CPU.ActiveCfg = Debug|Any CPU
		{62013772-DB89-4DA9-91AE-EEB6D9780761}.Debug|Any CPU.Build.0 = Debug|Any CPU
		{62013772-DB89-4DA9-91AE-EEB6D9780761}.Release|Any CPU.ActiveCfg = Release|Any CPU
		{62013772-DB89-4DA9-91AE-EEB6D9780761}.Release|Any CPU.Build.0 = Release|Any CPU
		{C37B7D3B-5C6C-40BA-BFEA-EEF6E0EAF872}.Debug|Any CPU.ActiveCfg = Debug|Any CPU
		{C37B7D3B-5C6C-40BA-BFEA-EEF6E0EAF872}.Debug|Any CPU.Build.0 = Debug|Any CPU
		{C37B7D3B-5C6C-40BA-BFEA-EEF6E0EAF872}.Release|Any CPU.ActiveCfg = Release|Any CPU
		{C37B7D3B-5C6C-40BA-BFEA-EEF6E0EAF872}.Release|Any CPU.Build.0 = Release|Any CPU
		{1C7BF692-4469-4264-92BB-41F6B97DDA16}.Debug|Any CPU.ActiveCfg = Debug|Any CPU
		{1C7BF692-4469-4264-92BB-41F6B97DDA16}.Debug|Any CPU.Build.0 = Debug|Any CPU
		{1C7BF692-4469-4264-92BB-41F6B97DDA16}.Release|Any CPU.ActiveCfg = Release|Any CPU
		{1C7BF692-4469-4264-92BB-41F6B97DDA16}.Release|Any CPU.Build.0 = Release|Any CPU
		{3975042E-176B-4DA1-938D-46866EAC82E7}.Debug|Any CPU.ActiveCfg = Debug|Any CPU
		{3975042E-176B-4DA1-938D-46866EAC82E7}.Debug|Any CPU.Build.0 = Debug|Any CPU
		{3975042E-176B-4DA1-938D-46866EAC82E7}.Release|Any CPU.ActiveCfg = Release|Any CPU
		{3975042E-176B-4DA1-938D-46866EAC82E7}.Release|Any CPU.Build.0 = Release|Any CPU
		{60647C7D-2DE4-41C9-832D-4C89754AA29C}.Debug|Any CPU.ActiveCfg = Debug|Any CPU
		{60647C7D-2DE4-41C9-832D-4C89754AA29C}.Debug|Any CPU.Build.0 = Debug|Any CPU
		{60647C7D-2DE4-41C9-832D-4C89754AA29C}.Release|Any CPU.ActiveCfg = Release|Any CPU
		{60647C7D-2DE4-41C9-832D-4C89754AA29C}.Release|Any CPU.Build.0 = Release|Any CPU
	EndGlobalSection
	GlobalSection(SolutionProperties) = preSolution
		HideSolutionNode = FALSE
	EndGlobalSection
EndGlobal
