
Microsoft Visual Studio Solution File, Format Version 12.00
# Visual Studio 14
VisualStudioVersion = 14.0.25420.1
MinimumVisualStudioVersion = 10.0.40219.1
Project("{FAE04EC0-301F-11D3-BF4B-00C04F79EFBC}") = "PinballClient", "client\PinballClient\PinballClient.csproj", "{C37B7D3B-5C6C-40BA-BFEA-EEF6E0EAF872}"
EndProject
Project("{FAE04EC0-301F-11D3-BF4B-00C04F79EFBC}") = "PinballServerDemo", "server\PinballServerDemo\PinballServerDemo.csproj", "{1C7BF692-4469-4264-92BB-41F6B97DDA16}"
EndProject
Project("{FAE04EC0-301F-11D3-BF4B-00C04F79EFBC}") = "Common", "common\Common\Common.csproj", "{3975042E-176B-4DA1-938D-46866EAC82E7}"
EndProject
Project("{FAE04EC0-301F-11D3-BF4B-00C04F79EFBC}") = "ServerLibrary", "server\ServerLibrary\ServerLibrary.csproj", "{60647C7D-2DE4-41C9-832D-4C89754AA29C}"
EndProject
Project("{FAE04EC0-301F-11D3-BF4B-00C04F79EFBC}") = "IntegrationTests", "Tests\IntegrationTests.csproj", "{D023EA88-A715-4528-A218-CFCB56047162}"
EndProject
Project("{FAE04EC0-301F-11D3-BF4B-00C04F79EFBC}") = "Hardware", "common\Hardware\Hardware.csproj", "{4BA811A4-3812-42EA-BADD-514A19405395}"
EndProject
Project("{2150E333-8FDC-42A3-9474-1A3956D46DE8}") = "client", "client", "{96A508ED-4FD8-44DF-A426-E6137510A42B}"
EndProject
Project("{2150E333-8FDC-42A3-9474-1A3956D46DE8}") = "server", "server", "{8CC84A9B-5062-4ECB-9F00-60F909553B30}"
EndProject
Project("{2150E333-8FDC-42A3-9474-1A3956D46DE8}") = "common", "common", "{DE38EECB-5330-4917-A9B5-33EABC081CEE}"
EndProject
Project("{FAE04EC0-301F-11D3-BF4B-00C04F79EFBC}") = "Logging", "common\Logging\Logging.csproj", "{9BA8FBE2-F7CB-41CB-91F1-B9662D7E1EA8}"
EndProject
Project("{FAE04EC0-301F-11D3-BF4B-00C04F79EFBC}") = "BusinessObjects", "common\BusinessObjects\BusinessObjects.csproj", "{D9ED580C-FCC5-4D50-9F3D-A19F8AD831DD}"
EndProject
Project("{FAE04EC0-301F-11D3-BF4B-00C04F79EFBC}") = "MessageContracts", "common\MessageContracts\MessageContracts.csproj", "{324A7897-C272-405E-873F-ECBF7BE4B979}"
EndProject
Project("{2150E333-8FDC-42A3-9474-1A3956D46DE8}") = "test", "test", "{C2F38706-E0AB-40D7-800C-CD499B4AF193}"
EndProject
Project("{2150E333-8FDC-42A3-9474-1A3956D46DE8}") = "test", "test", "{21074F61-E12B-4032-8920-4B85101D784D}"
EndProject
Project("{2150E333-8FDC-42A3-9474-1A3956D46DE8}") = "test", "test", "{2E0D7135-0CA2-4E49-B35B-52D0BA081B15}"
EndProject
Project("{FAE04EC0-301F-11D3-BF4B-00C04F79EFBC}") = "PinballClientTests", "client\test\PinballClientTests\PinballClientTests.csproj", "{14D141E8-70E5-4B8E-90B6-252911CCAC65}"
EndProject
Project("{FAE04EC0-301F-11D3-BF4B-00C04F79EFBC}") = "HardwareTests", "common\test\HardwareTests\HardwareTests.csproj", "{1BDA3F94-DBB5-44B7-A610-0D3E29EE9008}"
EndProject
Project("{FAE04EC0-301F-11D3-BF4B-00C04F79EFBC}") = "ServerLibraryTests", "server\test\ServerLibraryTests\ServerLibraryTests.csproj", "{716A1589-E8B1-40EA-A6B1-283EF54661D3}"
EndProject
Project("{FAE04EC0-301F-11D3-BF4B-00C04F79EFBC}") = "CommonTests", "common\test\CommonTests\CommonTests.csproj", "{943BF1A5-DA21-4A7E-B126-C57A5C41919A}"
EndProject
Project("{FAE04EC0-301F-11D3-BF4B-00C04F79EFBC}") = "Configuration", "common\Configuration\Configuration.csproj", "{FDD2B67A-2493-47C4-9104-AE40161EFFF4}"
EndProject
Global
	GlobalSection(SolutionConfigurationPlatforms) = preSolution
		Debug|Any CPU = Debug|Any CPU
		Debug|x86 = Debug|x86
		Release|Any CPU = Release|Any CPU
		Release|x86 = Release|x86
	EndGlobalSection
	GlobalSection(ProjectConfigurationPlatforms) = postSolution
		{C37B7D3B-5C6C-40BA-BFEA-EEF6E0EAF872}.Debug|Any CPU.ActiveCfg = Debug|Any CPU
		{C37B7D3B-5C6C-40BA-BFEA-EEF6E0EAF872}.Debug|Any CPU.Build.0 = Debug|Any CPU
		{C37B7D3B-5C6C-40BA-BFEA-EEF6E0EAF872}.Debug|x86.ActiveCfg = Debug|x86
		{C37B7D3B-5C6C-40BA-BFEA-EEF6E0EAF872}.Debug|x86.Build.0 = Debug|x86
		{C37B7D3B-5C6C-40BA-BFEA-EEF6E0EAF872}.Release|Any CPU.ActiveCfg = Release|Any CPU
		{C37B7D3B-5C6C-40BA-BFEA-EEF6E0EAF872}.Release|Any CPU.Build.0 = Release|Any CPU
		{C37B7D3B-5C6C-40BA-BFEA-EEF6E0EAF872}.Release|x86.ActiveCfg = Release|x86
		{C37B7D3B-5C6C-40BA-BFEA-EEF6E0EAF872}.Release|x86.Build.0 = Release|x86
		{1C7BF692-4469-4264-92BB-41F6B97DDA16}.Debug|Any CPU.ActiveCfg = Debug|Any CPU
		{1C7BF692-4469-4264-92BB-41F6B97DDA16}.Debug|Any CPU.Build.0 = Debug|Any CPU
		{1C7BF692-4469-4264-92BB-41F6B97DDA16}.Debug|x86.ActiveCfg = Debug|x86
		{1C7BF692-4469-4264-92BB-41F6B97DDA16}.Debug|x86.Build.0 = Debug|x86
		{1C7BF692-4469-4264-92BB-41F6B97DDA16}.Release|Any CPU.ActiveCfg = Release|Any CPU
		{1C7BF692-4469-4264-92BB-41F6B97DDA16}.Release|Any CPU.Build.0 = Release|Any CPU
		{1C7BF692-4469-4264-92BB-41F6B97DDA16}.Release|x86.ActiveCfg = Release|x86
		{1C7BF692-4469-4264-92BB-41F6B97DDA16}.Release|x86.Build.0 = Release|x86
		{3975042E-176B-4DA1-938D-46866EAC82E7}.Debug|Any CPU.ActiveCfg = Debug|Any CPU
		{3975042E-176B-4DA1-938D-46866EAC82E7}.Debug|Any CPU.Build.0 = Debug|Any CPU
		{3975042E-176B-4DA1-938D-46866EAC82E7}.Debug|x86.ActiveCfg = Debug|x86
		{3975042E-176B-4DA1-938D-46866EAC82E7}.Debug|x86.Build.0 = Debug|x86
		{3975042E-176B-4DA1-938D-46866EAC82E7}.Release|Any CPU.ActiveCfg = Release|Any CPU
		{3975042E-176B-4DA1-938D-46866EAC82E7}.Release|Any CPU.Build.0 = Release|Any CPU
		{3975042E-176B-4DA1-938D-46866EAC82E7}.Release|x86.ActiveCfg = Release|x86
		{3975042E-176B-4DA1-938D-46866EAC82E7}.Release|x86.Build.0 = Release|x86
		{60647C7D-2DE4-41C9-832D-4C89754AA29C}.Debug|Any CPU.ActiveCfg = Debug|Any CPU
		{60647C7D-2DE4-41C9-832D-4C89754AA29C}.Debug|Any CPU.Build.0 = Debug|Any CPU
		{60647C7D-2DE4-41C9-832D-4C89754AA29C}.Debug|x86.ActiveCfg = Debug|x86
		{60647C7D-2DE4-41C9-832D-4C89754AA29C}.Debug|x86.Build.0 = Debug|x86
		{60647C7D-2DE4-41C9-832D-4C89754AA29C}.Release|Any CPU.ActiveCfg = Release|Any CPU
		{60647C7D-2DE4-41C9-832D-4C89754AA29C}.Release|Any CPU.Build.0 = Release|Any CPU
		{60647C7D-2DE4-41C9-832D-4C89754AA29C}.Release|x86.ActiveCfg = Release|x86
		{60647C7D-2DE4-41C9-832D-4C89754AA29C}.Release|x86.Build.0 = Release|x86
		{D023EA88-A715-4528-A218-CFCB56047162}.Debug|Any CPU.ActiveCfg = Debug|Any CPU
		{D023EA88-A715-4528-A218-CFCB56047162}.Debug|Any CPU.Build.0 = Debug|Any CPU
		{D023EA88-A715-4528-A218-CFCB56047162}.Debug|x86.ActiveCfg = Debug|Any CPU
		{D023EA88-A715-4528-A218-CFCB56047162}.Release|Any CPU.ActiveCfg = Release|Any CPU
		{D023EA88-A715-4528-A218-CFCB56047162}.Release|Any CPU.Build.0 = Release|Any CPU
		{D023EA88-A715-4528-A218-CFCB56047162}.Release|x86.ActiveCfg = Release|Any CPU
		{4BA811A4-3812-42EA-BADD-514A19405395}.Debug|Any CPU.ActiveCfg = Debug|Any CPU
		{4BA811A4-3812-42EA-BADD-514A19405395}.Debug|Any CPU.Build.0 = Debug|Any CPU
		{4BA811A4-3812-42EA-BADD-514A19405395}.Debug|x86.ActiveCfg = Debug|Any CPU
		{4BA811A4-3812-42EA-BADD-514A19405395}.Debug|x86.Build.0 = Debug|Any CPU
		{4BA811A4-3812-42EA-BADD-514A19405395}.Release|Any CPU.ActiveCfg = Release|Any CPU
		{4BA811A4-3812-42EA-BADD-514A19405395}.Release|Any CPU.Build.0 = Release|Any CPU
		{4BA811A4-3812-42EA-BADD-514A19405395}.Release|x86.ActiveCfg = Release|Any CPU
		{4BA811A4-3812-42EA-BADD-514A19405395}.Release|x86.Build.0 = Release|Any CPU
		{9BA8FBE2-F7CB-41CB-91F1-B9662D7E1EA8}.Debug|Any CPU.ActiveCfg = Debug|Any CPU
		{9BA8FBE2-F7CB-41CB-91F1-B9662D7E1EA8}.Debug|Any CPU.Build.0 = Debug|Any CPU
		{9BA8FBE2-F7CB-41CB-91F1-B9662D7E1EA8}.Debug|x86.ActiveCfg = Debug|Any CPU
		{9BA8FBE2-F7CB-41CB-91F1-B9662D7E1EA8}.Debug|x86.Build.0 = Debug|Any CPU
		{9BA8FBE2-F7CB-41CB-91F1-B9662D7E1EA8}.Release|Any CPU.ActiveCfg = Release|Any CPU
		{9BA8FBE2-F7CB-41CB-91F1-B9662D7E1EA8}.Release|Any CPU.Build.0 = Release|Any CPU
		{9BA8FBE2-F7CB-41CB-91F1-B9662D7E1EA8}.Release|x86.ActiveCfg = Release|Any CPU
		{9BA8FBE2-F7CB-41CB-91F1-B9662D7E1EA8}.Release|x86.Build.0 = Release|Any CPU
		{D9ED580C-FCC5-4D50-9F3D-A19F8AD831DD}.Debug|Any CPU.ActiveCfg = Debug|Any CPU
		{D9ED580C-FCC5-4D50-9F3D-A19F8AD831DD}.Debug|Any CPU.Build.0 = Debug|Any CPU
		{D9ED580C-FCC5-4D50-9F3D-A19F8AD831DD}.Debug|x86.ActiveCfg = Debug|Any CPU
		{D9ED580C-FCC5-4D50-9F3D-A19F8AD831DD}.Debug|x86.Build.0 = Debug|Any CPU
		{D9ED580C-FCC5-4D50-9F3D-A19F8AD831DD}.Release|Any CPU.ActiveCfg = Release|Any CPU
		{D9ED580C-FCC5-4D50-9F3D-A19F8AD831DD}.Release|Any CPU.Build.0 = Release|Any CPU
		{D9ED580C-FCC5-4D50-9F3D-A19F8AD831DD}.Release|x86.ActiveCfg = Release|Any CPU
		{D9ED580C-FCC5-4D50-9F3D-A19F8AD831DD}.Release|x86.Build.0 = Release|Any CPU
		{324A7897-C272-405E-873F-ECBF7BE4B979}.Debug|Any CPU.ActiveCfg = Debug|Any CPU
		{324A7897-C272-405E-873F-ECBF7BE4B979}.Debug|Any CPU.Build.0 = Debug|Any CPU
		{324A7897-C272-405E-873F-ECBF7BE4B979}.Debug|x86.ActiveCfg = Debug|Any CPU
		{324A7897-C272-405E-873F-ECBF7BE4B979}.Debug|x86.Build.0 = Debug|Any CPU
		{324A7897-C272-405E-873F-ECBF7BE4B979}.Release|Any CPU.ActiveCfg = Release|Any CPU
		{324A7897-C272-405E-873F-ECBF7BE4B979}.Release|Any CPU.Build.0 = Release|Any CPU
		{324A7897-C272-405E-873F-ECBF7BE4B979}.Release|x86.ActiveCfg = Release|Any CPU
		{324A7897-C272-405E-873F-ECBF7BE4B979}.Release|x86.Build.0 = Release|Any CPU
		{14D141E8-70E5-4B8E-90B6-252911CCAC65}.Debug|Any CPU.ActiveCfg = Debug|Any CPU
		{14D141E8-70E5-4B8E-90B6-252911CCAC65}.Debug|Any CPU.Build.0 = Debug|Any CPU
		{14D141E8-70E5-4B8E-90B6-252911CCAC65}.Debug|x86.ActiveCfg = Debug|Any CPU
		{14D141E8-70E5-4B8E-90B6-252911CCAC65}.Debug|x86.Build.0 = Debug|Any CPU
		{14D141E8-70E5-4B8E-90B6-252911CCAC65}.Release|Any CPU.ActiveCfg = Release|Any CPU
		{14D141E8-70E5-4B8E-90B6-252911CCAC65}.Release|Any CPU.Build.0 = Release|Any CPU
		{14D141E8-70E5-4B8E-90B6-252911CCAC65}.Release|x86.ActiveCfg = Release|Any CPU
		{14D141E8-70E5-4B8E-90B6-252911CCAC65}.Release|x86.Build.0 = Release|Any CPU
		{1BDA3F94-DBB5-44B7-A610-0D3E29EE9008}.Debug|Any CPU.ActiveCfg = Debug|Any CPU
		{1BDA3F94-DBB5-44B7-A610-0D3E29EE9008}.Debug|Any CPU.Build.0 = Debug|Any CPU
		{1BDA3F94-DBB5-44B7-A610-0D3E29EE9008}.Debug|x86.ActiveCfg = Debug|Any CPU
		{1BDA3F94-DBB5-44B7-A610-0D3E29EE9008}.Debug|x86.Build.0 = Debug|Any CPU
		{1BDA3F94-DBB5-44B7-A610-0D3E29EE9008}.Release|Any CPU.ActiveCfg = Release|Any CPU
		{1BDA3F94-DBB5-44B7-A610-0D3E29EE9008}.Release|Any CPU.Build.0 = Release|Any CPU
		{1BDA3F94-DBB5-44B7-A610-0D3E29EE9008}.Release|x86.ActiveCfg = Release|Any CPU
		{1BDA3F94-DBB5-44B7-A610-0D3E29EE9008}.Release|x86.Build.0 = Release|Any CPU
		{716A1589-E8B1-40EA-A6B1-283EF54661D3}.Debug|Any CPU.ActiveCfg = Debug|Any CPU
		{716A1589-E8B1-40EA-A6B1-283EF54661D3}.Debug|Any CPU.Build.0 = Debug|Any CPU
		{716A1589-E8B1-40EA-A6B1-283EF54661D3}.Debug|x86.ActiveCfg = Debug|Any CPU
		{716A1589-E8B1-40EA-A6B1-283EF54661D3}.Debug|x86.Build.0 = Debug|Any CPU
		{716A1589-E8B1-40EA-A6B1-283EF54661D3}.Release|Any CPU.ActiveCfg = Release|Any CPU
		{716A1589-E8B1-40EA-A6B1-283EF54661D3}.Release|Any CPU.Build.0 = Release|Any CPU
		{716A1589-E8B1-40EA-A6B1-283EF54661D3}.Release|x86.ActiveCfg = Release|Any CPU
		{716A1589-E8B1-40EA-A6B1-283EF54661D3}.Release|x86.Build.0 = Release|Any CPU
		{943BF1A5-DA21-4A7E-B126-C57A5C41919A}.Debug|Any CPU.ActiveCfg = Debug|Any CPU
		{943BF1A5-DA21-4A7E-B126-C57A5C41919A}.Debug|Any CPU.Build.0 = Debug|Any CPU
		{943BF1A5-DA21-4A7E-B126-C57A5C41919A}.Debug|x86.ActiveCfg = Debug|Any CPU
		{943BF1A5-DA21-4A7E-B126-C57A5C41919A}.Debug|x86.Build.0 = Debug|Any CPU
		{943BF1A5-DA21-4A7E-B126-C57A5C41919A}.Release|Any CPU.ActiveCfg = Release|Any CPU
		{943BF1A5-DA21-4A7E-B126-C57A5C41919A}.Release|Any CPU.Build.0 = Release|Any CPU
		{943BF1A5-DA21-4A7E-B126-C57A5C41919A}.Release|x86.ActiveCfg = Release|Any CPU
		{943BF1A5-DA21-4A7E-B126-C57A5C41919A}.Release|x86.Build.0 = Release|Any CPU
		{FDD2B67A-2493-47C4-9104-AE40161EFFF4}.Debug|Any CPU.ActiveCfg = Debug|Any CPU
		{FDD2B67A-2493-47C4-9104-AE40161EFFF4}.Debug|Any CPU.Build.0 = Debug|Any CPU
		{FDD2B67A-2493-47C4-9104-AE40161EFFF4}.Debug|x86.ActiveCfg = Debug|Any CPU
		{FDD2B67A-2493-47C4-9104-AE40161EFFF4}.Debug|x86.Build.0 = Debug|Any CPU
		{FDD2B67A-2493-47C4-9104-AE40161EFFF4}.Release|Any CPU.ActiveCfg = Release|Any CPU
		{FDD2B67A-2493-47C4-9104-AE40161EFFF4}.Release|Any CPU.Build.0 = Release|Any CPU
		{FDD2B67A-2493-47C4-9104-AE40161EFFF4}.Release|x86.ActiveCfg = Release|Any CPU
		{FDD2B67A-2493-47C4-9104-AE40161EFFF4}.Release|x86.Build.0 = Release|Any CPU
	EndGlobalSection
	GlobalSection(SolutionProperties) = preSolution
		HideSolutionNode = FALSE
	EndGlobalSection
	GlobalSection(NestedProjects) = preSolution
		{C37B7D3B-5C6C-40BA-BFEA-EEF6E0EAF872} = {96A508ED-4FD8-44DF-A426-E6137510A42B}
		{1C7BF692-4469-4264-92BB-41F6B97DDA16} = {8CC84A9B-5062-4ECB-9F00-60F909553B30}
		{3975042E-176B-4DA1-938D-46866EAC82E7} = {DE38EECB-5330-4917-A9B5-33EABC081CEE}
		{60647C7D-2DE4-41C9-832D-4C89754AA29C} = {8CC84A9B-5062-4ECB-9F00-60F909553B30}
		{4BA811A4-3812-42EA-BADD-514A19405395} = {DE38EECB-5330-4917-A9B5-33EABC081CEE}
		{9BA8FBE2-F7CB-41CB-91F1-B9662D7E1EA8} = {DE38EECB-5330-4917-A9B5-33EABC081CEE}
		{D9ED580C-FCC5-4D50-9F3D-A19F8AD831DD} = {DE38EECB-5330-4917-A9B5-33EABC081CEE}
		{324A7897-C272-405E-873F-ECBF7BE4B979} = {DE38EECB-5330-4917-A9B5-33EABC081CEE}
		{C2F38706-E0AB-40D7-800C-CD499B4AF193} = {96A508ED-4FD8-44DF-A426-E6137510A42B}
		{21074F61-E12B-4032-8920-4B85101D784D} = {DE38EECB-5330-4917-A9B5-33EABC081CEE}
		{2E0D7135-0CA2-4E49-B35B-52D0BA081B15} = {8CC84A9B-5062-4ECB-9F00-60F909553B30}
		{14D141E8-70E5-4B8E-90B6-252911CCAC65} = {C2F38706-E0AB-40D7-800C-CD499B4AF193}
		{1BDA3F94-DBB5-44B7-A610-0D3E29EE9008} = {21074F61-E12B-4032-8920-4B85101D784D}
		{716A1589-E8B1-40EA-A6B1-283EF54661D3} = {2E0D7135-0CA2-4E49-B35B-52D0BA081B15}
		{943BF1A5-DA21-4A7E-B126-C57A5C41919A} = {21074F61-E12B-4032-8920-4B85101D784D}
		{FDD2B67A-2493-47C4-9104-AE40161EFFF4} = {DE38EECB-5330-4917-A9B5-33EABC081CEE}
	EndGlobalSection
EndGlobal
